
Microsoft Visual Studio Solution File, Format Version 12.00
# Visual Studio Version 17
VisualStudioVersion = 17.2.32630.192
MinimumVisualStudioVersion = 10.0.40219.1
Project("{FAE04EC0-301F-11D3-BF4B-00C04F79EFBC}") = "InstallWindowsService", "InstallWindowsService\InstallWindowsService.csproj", "{B0D97FAB-26B5-46C5-A1B7-0FDEDBBA5770}"
EndProject
Global
	GlobalSection(SolutionConfigurationPlatforms) = preSolution
		Debug|Any CPU = Debug|Any CPU
		Release|Any CPU = Release|Any CPU
	EndGlobalSection
	GlobalSection(ProjectConfigurationPlatforms) = postSolution
		{B0D97FAB-26B5-46C5-A1B7-0FDEDBBA5770}.Debug|Any CPU.ActiveCfg = Debug|Any CPU
		{B0D97FAB-26B5-46C5-A1B7-0FDEDBBA5770}.Debug|Any CPU.Build.0 = Debug|Any CPU
		{B0D97FAB-26B5-46C5-A1B7-0FDEDBBA5770}.Release|Any CPU.ActiveCfg = Release|Any CPU
		{B0D97FAB-26B5-46C5-A1B7-0FDEDBBA5770}.Release|Any CPU.Build.0 = Release|Any CPU
	EndGlobalSection
	GlobalSection(SolutionProperties) = preSolution
		HideSolutionNode = FALSE
	EndGlobalSection
	GlobalSection(ExtensibilityGlobals) = postSolution
		SolutionGuid = {AE608F63-81A8-47AA-95CB-4F47341C7BC5}
	EndGlobalSection
EndGlobal
